
Microsoft Visual Studio Solution File, Format Version 12.00
# Visual Studio Version 16
VisualStudioVersion = 16.0.30621.155
MinimumVisualStudioVersion = 10.0.40219.1
Project("{FAE04EC0-301F-11D3-BF4B-00C04F79EFBC}") = "MordoOnline", "MordoOnline\MordoOnline.csproj", "{FE9B944E-D67E-4593-9E4F-9B71205E7793}"
EndProject
Global
	GlobalSection(SolutionConfigurationPlatforms) = preSolution
		Debug|Any CPU = Debug|Any CPU
		Release|Any CPU = Release|Any CPU
	EndGlobalSection
	GlobalSection(ProjectConfigurationPlatforms) = postSolution
		{FE9B944E-D67E-4593-9E4F-9B71205E7793}.Debug|Any CPU.ActiveCfg = Debug|Any CPU
		{FE9B944E-D67E-4593-9E4F-9B71205E7793}.Debug|Any CPU.Build.0 = Debug|Any CPU
		{FE9B944E-D67E-4593-9E4F-9B71205E7793}.Release|Any CPU.ActiveCfg = Release|Any CPU
		{FE9B944E-D67E-4593-9E4F-9B71205E7793}.Release|Any CPU.Build.0 = Release|Any CPU
	EndGlobalSection
	GlobalSection(SolutionProperties) = preSolution
		HideSolutionNode = FALSE
	EndGlobalSection
	GlobalSection(ExtensibilityGlobals) = postSolution
		SolutionGuid = {8369F05A-6BCA-4D4E-BA81-0D6CD97E0EE4}
	EndGlobalSection
EndGlobal
